
Microsoft Visual Studio Solution File, Format Version 12.00
# Visual Studio Version 17
VisualStudioVersion = 17.13.35825.156 d17.13
MinimumVisualStudioVersion = 10.0.40219.1
Project("{FAE04EC0-301F-11D3-BF4B-00C04F79EFBC}") = "AdminApp", "AdminApp\AdminApp.csproj", "{2648C787-29FF-4CC9-87D9-342BDB002EE3}"
EndProject
Global
	GlobalSection(SolutionConfigurationPlatforms) = preSolution
		Debug|Any CPU = Debug|Any CPU
		Release|Any CPU = Release|Any CPU
	EndGlobalSection
	GlobalSection(ProjectConfigurationPlatforms) = postSolution
		{2648C787-29FF-4CC9-87D9-342BDB002EE3}.Debug|Any CPU.ActiveCfg = Debug|Any CPU
		{2648C787-29FF-4CC9-87D9-342BDB002EE3}.Debug|Any CPU.Build.0 = Debug|Any CPU
		{2648C787-29FF-4CC9-87D9-342BDB002EE3}.Release|Any CPU.ActiveCfg = Release|Any CPU
		{2648C787-29FF-4CC9-87D9-342BDB002EE3}.Release|Any CPU.Build.0 = Release|Any CPU
	EndGlobalSection
	GlobalSection(SolutionProperties) = preSolution
		HideSolutionNode = FALSE
	EndGlobalSection
	GlobalSection(ExtensibilityGlobals) = postSolution
		SolutionGuid = {BC5BBACB-C09C-49A2-B31D-C5CD54639F40}
	EndGlobalSection
EndGlobal
